
Microsoft Visual Studio Solution File, Format Version 12.00
# Visual Studio 14
VisualStudioVersion = 14.0.25420.1
MinimumVisualStudioVersion = 10.0.40219.1
Project("{2150E333-8FDC-42A3-9474-1A3956D46DE8}") = "src", "src", "{3FC57D53-9F60-4FAB-AFD8-8CB23EE3B9D9}"
EndProject
Project("{2150E333-8FDC-42A3-9474-1A3956D46DE8}") = ".nuget", ".nuget", "{6ED53D7C-E336-45A6-BC66-696DA2DECE40}"
	ProjectSection(SolutionItems) = preProject
		.nuget\packages.config = .nuget\packages.config
	EndProjectSection
EndProject
Project("{2150E333-8FDC-42A3-9474-1A3956D46DE8}") = "test", "test", "{775EF423-0A25-485A-BFA0-BAE59F580C9A}"
EndProject
Project("{FAE04EC0-301F-11D3-BF4B-00C04F79EFBC}") = "Seq.App.DigestEmail", "src\Seq.App.DigestEmail\Seq.App.DigestEmail.csproj", "{35ABF152-CDE5-4E8A-86AA-5E47CBAAD9F9}"
EndProject
Project("{FAE04EC0-301F-11D3-BF4B-00C04F79EFBC}") = "Seq.App.DigestEmail.Tests", "test\Seq.App.DigestEmail.Tests\Seq.App.DigestEmail.Tests.csproj", "{C451A1B4-A053-4E43-B97C-C3D3A0F82CC5}"
EndProject
Project("{2150E333-8FDC-42A3-9474-1A3956D46DE8}") = "asset", "asset", "{2D66D4B1-7516-423E-91FE-CE158066A3A9}"
	ProjectSection(SolutionItems) = preProject
		asset\digest-email.svg = asset\digest-email.svg
		asset\seq-app-digestemail.png = asset\seq-app-digestemail.png
	EndProjectSection
EndProject
Project("{2150E333-8FDC-42A3-9474-1A3956D46DE8}") = "global", "global", "{8659A536-E507-41EC-9883-DE97030D2366}"
	ProjectSection(SolutionItems) = preProject
		appveyor.yml = appveyor.yml
		LICENSE = LICENSE
		README.md = README.md
	EndProjectSection
EndProject
Global
	GlobalSection(SolutionConfigurationPlatforms) = preSolution
		Debug|Any CPU = Debug|Any CPU
		Release|Any CPU = Release|Any CPU
	EndGlobalSection
	GlobalSection(ProjectConfigurationPlatforms) = postSolution
		{35ABF152-CDE5-4E8A-86AA-5E47CBAAD9F9}.Debug|Any CPU.ActiveCfg = Debug|Any CPU
		{35ABF152-CDE5-4E8A-86AA-5E47CBAAD9F9}.Debug|Any CPU.Build.0 = Debug|Any CPU
		{35ABF152-CDE5-4E8A-86AA-5E47CBAAD9F9}.Release|Any CPU.ActiveCfg = Release|Any CPU
		{35ABF152-CDE5-4E8A-86AA-5E47CBAAD9F9}.Release|Any CPU.Build.0 = Release|Any CPU
		{C451A1B4-A053-4E43-B97C-C3D3A0F82CC5}.Debug|Any CPU.ActiveCfg = Debug|Any CPU
		{C451A1B4-A053-4E43-B97C-C3D3A0F82CC5}.Debug|Any CPU.Build.0 = Debug|Any CPU
		{C451A1B4-A053-4E43-B97C-C3D3A0F82CC5}.Release|Any CPU.ActiveCfg = Release|Any CPU
		{C451A1B4-A053-4E43-B97C-C3D3A0F82CC5}.Release|Any CPU.Build.0 = Release|Any CPU
	EndGlobalSection
	GlobalSection(SolutionProperties) = preSolution
		HideSolutionNode = FALSE
	EndGlobalSection
	GlobalSection(NestedProjects) = preSolution
		{35ABF152-CDE5-4E8A-86AA-5E47CBAAD9F9} = {3FC57D53-9F60-4FAB-AFD8-8CB23EE3B9D9}
		{C451A1B4-A053-4E43-B97C-C3D3A0F82CC5} = {775EF423-0A25-485A-BFA0-BAE59F580C9A}
	EndGlobalSection
EndGlobal
